
Microsoft Visual Studio Solution File, Format Version 12.00
# Visual Studio Version 17
VisualStudioVersion = 17.14.36301.6 d17.14
MinimumVisualStudioVersion = 10.0.40219.1
Project("{FAE04EC0-301F-11D3-BF4B-00C04F79EFBC}") = "Array_Week5", "ConsoleApp1\Array_Week5.csproj", "{50FD61B4-B205-4DE5-8ED5-18F3DC7A8DDA}"
EndProject
Global
	GlobalSection(SolutionConfigurationPlatforms) = preSolution
		Debug|Any CPU = Debug|Any CPU
		Release|Any CPU = Release|Any CPU
	EndGlobalSection
	GlobalSection(ProjectConfigurationPlatforms) = postSolution
		{50FD61B4-B205-4DE5-8ED5-18F3DC7A8DDA}.Debug|Any CPU.ActiveCfg = Debug|Any CPU
		{50FD61B4-B205-4DE5-8ED5-18F3DC7A8DDA}.Debug|Any CPU.Build.0 = Debug|Any CPU
		{50FD61B4-B205-4DE5-8ED5-18F3DC7A8DDA}.Release|Any CPU.ActiveCfg = Release|Any CPU
		{50FD61B4-B205-4DE5-8ED5-18F3DC7A8DDA}.Release|Any CPU.Build.0 = Release|Any CPU
	EndGlobalSection
	GlobalSection(SolutionProperties) = preSolution
		HideSolutionNode = FALSE
	EndGlobalSection
	GlobalSection(ExtensibilityGlobals) = postSolution
		SolutionGuid = {88549E67-17C1-4373-BB61-20C36935CA1A}
	EndGlobalSection
EndGlobal
